<Solution>
  <Folder Name="/tests/">
    <Project Path="tests/Kst.Api.IntegrationTests/Kst.Api.IntegrationTests.csproj" />
    <Project Path="tests/Kst.Application.Tests/Kst.Application.Tests.csproj" />
    <Project Path="tests/Kst.ArchitectureTests/Kst.ArchitectureTests.csproj" />
    <Project Path="tests/Kst.Domain.Tests/Kst.Domain.Tests.csproj" />
    <Project Path="tests/Kst.Integrations.Qad.Tests/Kst.Integrations.Qad.Tests.csproj" />
  </Folder>
  <Project Path="Kst.Api/Kst.Api.csproj" />
  <Project Path="Kst.Application/Kst.Application.csproj" />
  <Project Path="Kst.Domain/Kst.Domain.csproj" />
  <Project Path="Kst.Exports/Kst.Exports.csproj" />
  <Project Path="Kst.Infrastructure/Kst.Infrastructure.csproj" />
  <Project Path="Kst.Integrations.Qad/Kst.Integrations.Qad.csproj" />
  <Project Path="Kst.Integrations.Shortages/Kst.Integrations.Shortages.csproj" />
</Solution>
